
Microsoft Visual Studio Solution File, Format Version 12.00
# Visual Studio 14
VisualStudioVersion = 14.0.22310.1
MinimumVisualStudioVersion = 10.0.40219.1
Project("{FAE04EC0-301F-11D3-BF4B-00C04F79EFBC}") = "PickOfTheWeek", "PickOfTheWeek\PickOfTheWeek.csproj", "{72522A1C-6778-4025-8E9D-83461D8CC32A}"
EndProject
Project("{2150E333-8FDC-42A3-9474-1A3956D46DE8}") = "Controls", "Controls", "{C4CF3065-47E1-4FB3-A4B0-0D93D1413EFB}"
EndProject
Project("{FAE04EC0-301F-11D3-BF4B-00C04F79EFBC}") = "XamlAnimatedGif", "XamlAnimatedGif\XamlAnimatedGif.csproj", "{E2DAA243-B7A2-4FF1-A81B-BBC29F9FB81B}"
EndProject
Global
	GlobalSection(SolutionConfigurationPlatforms) = preSolution
		Debug|Any CPU = Debug|Any CPU
		Debug|ARM = Debug|ARM
		Debug|x86 = Debug|x86
		Release|Any CPU = Release|Any CPU
		Release|ARM = Release|ARM
		Release|x86 = Release|x86
	EndGlobalSection
	GlobalSection(ProjectConfigurationPlatforms) = postSolution
		{72522A1C-6778-4025-8E9D-83461D8CC32A}.Debug|Any CPU.ActiveCfg = Debug|Any CPU
		{72522A1C-6778-4025-8E9D-83461D8CC32A}.Debug|Any CPU.Build.0 = Debug|Any CPU
		{72522A1C-6778-4025-8E9D-83461D8CC32A}.Debug|Any CPU.Deploy.0 = Debug|Any CPU
		{72522A1C-6778-4025-8E9D-83461D8CC32A}.Debug|ARM.ActiveCfg = Debug|ARM
		{72522A1C-6778-4025-8E9D-83461D8CC32A}.Debug|ARM.Build.0 = Debug|ARM
		{72522A1C-6778-4025-8E9D-83461D8CC32A}.Debug|ARM.Deploy.0 = Debug|ARM
		{72522A1C-6778-4025-8E9D-83461D8CC32A}.Debug|x86.ActiveCfg = Debug|x86
		{72522A1C-6778-4025-8E9D-83461D8CC32A}.Debug|x86.Build.0 = Debug|x86
		{72522A1C-6778-4025-8E9D-83461D8CC32A}.Debug|x86.Deploy.0 = Debug|x86
		{72522A1C-6778-4025-8E9D-83461D8CC32A}.Release|Any CPU.ActiveCfg = Release|Any CPU
		{72522A1C-6778-4025-8E9D-83461D8CC32A}.Release|Any CPU.Build.0 = Release|Any CPU
		{72522A1C-6778-4025-8E9D-83461D8CC32A}.Release|Any CPU.Deploy.0 = Release|Any CPU
		{72522A1C-6778-4025-8E9D-83461D8CC32A}.Release|ARM.ActiveCfg = Release|ARM
		{72522A1C-6778-4025-8E9D-83461D8CC32A}.Release|ARM.Build.0 = Release|ARM
		{72522A1C-6778-4025-8E9D-83461D8CC32A}.Release|ARM.Deploy.0 = Release|ARM
		{72522A1C-6778-4025-8E9D-83461D8CC32A}.Release|x86.ActiveCfg = Release|x86
		{72522A1C-6778-4025-8E9D-83461D8CC32A}.Release|x86.Build.0 = Release|x86
		{72522A1C-6778-4025-8E9D-83461D8CC32A}.Release|x86.Deploy.0 = Release|x86
		{E2DAA243-B7A2-4FF1-A81B-BBC29F9FB81B}.Debug|Any CPU.ActiveCfg = Debug|Any CPU
		{E2DAA243-B7A2-4FF1-A81B-BBC29F9FB81B}.Debug|Any CPU.Build.0 = Debug|Any CPU
		{E2DAA243-B7A2-4FF1-A81B-BBC29F9FB81B}.Debug|ARM.ActiveCfg = Debug|Any CPU
		{E2DAA243-B7A2-4FF1-A81B-BBC29F9FB81B}.Debug|ARM.Build.0 = Debug|Any CPU
		{E2DAA243-B7A2-4FF1-A81B-BBC29F9FB81B}.Debug|x86.ActiveCfg = Debug|Any CPU
		{E2DAA243-B7A2-4FF1-A81B-BBC29F9FB81B}.Debug|x86.Build.0 = Debug|Any CPU
		{E2DAA243-B7A2-4FF1-A81B-BBC29F9FB81B}.Release|Any CPU.ActiveCfg = Release|Any CPU
		{E2DAA243-B7A2-4FF1-A81B-BBC29F9FB81B}.Release|Any CPU.Build.0 = Release|Any CPU
		{E2DAA243-B7A2-4FF1-A81B-BBC29F9FB81B}.Release|ARM.ActiveCfg = Release|Any CPU
		{E2DAA243-B7A2-4FF1-A81B-BBC29F9FB81B}.Release|ARM.Build.0 = Release|Any CPU
		{E2DAA243-B7A2-4FF1-A81B-BBC29F9FB81B}.Release|x86.ActiveCfg = Release|Any CPU
		{E2DAA243-B7A2-4FF1-A81B-BBC29F9FB81B}.Release|x86.Build.0 = Release|Any CPU
	EndGlobalSection
	GlobalSection(SolutionProperties) = preSolution
		HideSolutionNode = FALSE
	EndGlobalSection
	GlobalSection(NestedProjects) = preSolution
		{E2DAA243-B7A2-4FF1-A81B-BBC29F9FB81B} = {C4CF3065-47E1-4FB3-A4B0-0D93D1413EFB}
	EndGlobalSection
EndGlobal
